
Microsoft Visual Studio Solution File, Format Version 12.00
# Visual Studio Version 17
VisualStudioVersion = 17.5.33516.290
MinimumVisualStudioVersion = 10.0.40219.1
Project("{FAE04EC0-301F-11D3-BF4B-00C04F79EFBC}") = "AluguelQuartos", "AluguelQuartos.csproj", "{1CEB923D-9979-4D3C-A72D-15E26D00ED7D}"
EndProject
Global
	GlobalSection(SolutionConfigurationPlatforms) = preSolution
		Debug|Any CPU = Debug|Any CPU
		Release|Any CPU = Release|Any CPU
	EndGlobalSection
	GlobalSection(ProjectConfigurationPlatforms) = postSolution
		{1CEB923D-9979-4D3C-A72D-15E26D00ED7D}.Debug|Any CPU.ActiveCfg = Debug|Any CPU
		{1CEB923D-9979-4D3C-A72D-15E26D00ED7D}.Debug|Any CPU.Build.0 = Debug|Any CPU
		{1CEB923D-9979-4D3C-A72D-15E26D00ED7D}.Release|Any CPU.ActiveCfg = Release|Any CPU
		{1CEB923D-9979-4D3C-A72D-15E26D00ED7D}.Release|Any CPU.Build.0 = Release|Any CPU
	EndGlobalSection
	GlobalSection(SolutionProperties) = preSolution
		HideSolutionNode = FALSE
	EndGlobalSection
	GlobalSection(ExtensibilityGlobals) = postSolution
		SolutionGuid = {0AAD3711-0922-4DD4-9A16-B72448DA572E}
	EndGlobalSection
EndGlobal
